
Microsoft Visual Studio Solution File, Format Version 10.00
# Visual C++ Express 2008
Project("{8BC9CEB8-8B4A-11D0-8D11-00A0C91BC942}") = "unabase", "unabase\unabase.vcproj", "{994D0701-0B3C-4A89-8A28-AED8D9BF00B1}"
	ProjectSection(ProjectDependencies) = postProject
		{4C93BDD3-1804-47F3-9B34-F2DE0CAE1AE0} = {4C93BDD3-1804-47F3-9B34-F2DE0CAE1AE0}
		{5304AD69-D449-4589-B2C9-E4607E56A51D} = {5304AD69-D449-4589-B2C9-E4607E56A51D}
		{CEDF8919-00B2-4D8A-88CC-84ADB2D2FF89} = {CEDF8919-00B2-4D8A-88CC-84ADB2D2FF89}
		{2DDB33B8-3251-4231-A2C8-4835C57B91F9} = {2DDB33B8-3251-4231-A2C8-4835C57B91F9}
		{3F999025-B0E2-496D-B9FD-F69C5BA9FD85} = {3F999025-B0E2-496D-B9FD-F69C5BA9FD85}
		{BD3A95FA-A3DE-4B79-A889-A7E5ECA4B69C} = {BD3A95FA-A3DE-4B79-A889-A7E5ECA4B69C}
	EndProjectSection
EndProject
Project("{8BC9CEB8-8B4A-11D0-8D11-00A0C91BC942}") = "unaexport", "unaexport\unaexport.vcproj", "{6B758D1D-FE05-49C6-836B-9B8AC8DC4FCD}"
	ProjectSection(ProjectDependencies) = postProject
		{4C93BDD3-1804-47F3-9B34-F2DE0CAE1AE0} = {4C93BDD3-1804-47F3-9B34-F2DE0CAE1AE0}
		{5304AD69-D449-4589-B2C9-E4607E56A51D} = {5304AD69-D449-4589-B2C9-E4607E56A51D}
		{CEDF8919-00B2-4D8A-88CC-84ADB2D2FF89} = {CEDF8919-00B2-4D8A-88CC-84ADB2D2FF89}
		{2DDB33B8-3251-4231-A2C8-4835C57B91F9} = {2DDB33B8-3251-4231-A2C8-4835C57B91F9}
		{3F999025-B0E2-496D-B9FD-F69C5BA9FD85} = {3F999025-B0E2-496D-B9FD-F69C5BA9FD85}
		{BD3A95FA-A3DE-4B79-A889-A7E5ECA4B69C} = {BD3A95FA-A3DE-4B79-A889-A7E5ECA4B69C}
	EndProjectSection
EndProject
Project("{8BC9CEB8-8B4A-11D0-8D11-00A0C91BC942}") = "una_test_base16_stream", "una_test_base16_stream\una_test_base16_stream.vcproj", "{2CF1F944-FAC8-442D-BF6D-A4680371D9B2}"
	ProjectSection(ProjectDependencies) = postProject
		{3F999025-B0E2-496D-B9FD-F69C5BA9FD85} = {3F999025-B0E2-496D-B9FD-F69C5BA9FD85}
		{BD3A95FA-A3DE-4B79-A889-A7E5ECA4B69C} = {BD3A95FA-A3DE-4B79-A889-A7E5ECA4B69C}
	EndProjectSection
EndProject
Project("{8BC9CEB8-8B4A-11D0-8D11-00A0C91BC942}") = "una_test_base32_stream", "una_test_base32_stream\una_test_base32_stream.vcproj", "{EFB6DB54-747F-4C81-AE82-224971313379}"
	ProjectSection(ProjectDependencies) = postProject
		{3F999025-B0E2-496D-B9FD-F69C5BA9FD85} = {3F999025-B0E2-496D-B9FD-F69C5BA9FD85}
		{BD3A95FA-A3DE-4B79-A889-A7E5ECA4B69C} = {BD3A95FA-A3DE-4B79-A889-A7E5ECA4B69C}
	EndProjectSection
EndProject
Project("{8BC9CEB8-8B4A-11D0-8D11-00A0C91BC942}") = "una_test_base64_stream_copy_from", "una_test_base64_stream_copy_from\una_test_base64_stream_copy_from.vcproj", "{6A4D857A-56F0-430B-BA50-6B9860C7ABAC}"
	ProjectSection(ProjectDependencies) = postProject
		{3F999025-B0E2-496D-B9FD-F69C5BA9FD85} = {3F999025-B0E2-496D-B9FD-F69C5BA9FD85}
	EndProjectSection
EndProject
Project("{8BC9CEB8-8B4A-11D0-8D11-00A0C91BC942}") = "una_test_base64_stream_copy_to", "una_test_base64_stream_copy_to\una_test_base64_stream_copy_to.vcproj", "{1F54D728-CE3E-41D9-8E02-72DA3A58C67C}"
	ProjectSection(ProjectDependencies) = postProject
		{3F999025-B0E2-496D-B9FD-F69C5BA9FD85} = {3F999025-B0E2-496D-B9FD-F69C5BA9FD85}
	EndProjectSection
EndProject
Project("{8BC9CEB8-8B4A-11D0-8D11-00A0C91BC942}") = "una_test_error", "una_test_error\una_test_error.vcproj", "{7B00A6F1-3CFF-45BD-A869-77D59A0E6EC7}"
	ProjectSection(ProjectDependencies) = postProject
		{3F999025-B0E2-496D-B9FD-F69C5BA9FD85} = {3F999025-B0E2-496D-B9FD-F69C5BA9FD85}
	EndProjectSection
EndProject
Project("{8BC9CEB8-8B4A-11D0-8D11-00A0C91BC942}") = "una_test_support", "una_test_support\una_test_support.vcproj", "{B12AA291-88AE-48B4-B284-8DF524AAB1D6}"
	ProjectSection(ProjectDependencies) = postProject
		{3F999025-B0E2-496D-B9FD-F69C5BA9FD85} = {3F999025-B0E2-496D-B9FD-F69C5BA9FD85}
	EndProjectSection
EndProject
Project("{8BC9CEB8-8B4A-11D0-8D11-00A0C91BC942}") = "una_test_utf16_stream_copy_from", "una_test_utf16_stream_copy_from\una_test_utf16_stream_copy_from.vcproj", "{6FD5C336-3702-4A97-8E98-BBA4F528EAD1}"
	ProjectSection(ProjectDependencies) = postProject
		{3F999025-B0E2-496D-B9FD-F69C5BA9FD85} = {3F999025-B0E2-496D-B9FD-F69C5BA9FD85}
	EndProjectSection
EndProject
Project("{8BC9CEB8-8B4A-11D0-8D11-00A0C91BC942}") = "una_test_utf16_string_copy_from", "una_test_utf16_string_copy_from\una_test_utf16_string_copy_from.vcproj", "{BF258669-F701-4AA6-8E0D-0811F2AB92A9}"
	ProjectSection(ProjectDependencies) = postProject
		{3F999025-B0E2-496D-B9FD-F69C5BA9FD85} = {3F999025-B0E2-496D-B9FD-F69C5BA9FD85}
	EndProjectSection
EndProject
Project("{8BC9CEB8-8B4A-11D0-8D11-00A0C91BC942}") = "una_test_utf32_stream_copy_from", "una_test_utf32_stream_copy_from\una_test_utf32_stream_copy_from.vcproj", "{743971E9-C71B-4F7A-8A63-E807F1DF0248}"
	ProjectSection(ProjectDependencies) = postProject
		{3F999025-B0E2-496D-B9FD-F69C5BA9FD85} = {3F999025-B0E2-496D-B9FD-F69C5BA9FD85}
	EndProjectSection
EndProject
Project("{8BC9CEB8-8B4A-11D0-8D11-00A0C91BC942}") = "una_test_utf32_string_copy_from", "una_test_utf32_string_copy_from\una_test_utf32_string_copy_from.vcproj", "{3D14A8B7-5C2F-4163-B53B-78E216E254CF}"
	ProjectSection(ProjectDependencies) = postProject
		{3F999025-B0E2-496D-B9FD-F69C5BA9FD85} = {3F999025-B0E2-496D-B9FD-F69C5BA9FD85}
	EndProjectSection
EndProject
Project("{8BC9CEB8-8B4A-11D0-8D11-00A0C91BC942}") = "una_test_utf7_stream_copy_from", "una_test_utf7_stream_copy_from\una_test_utf7_stream_copy_from.vcproj", "{C41B42B6-E427-4DBB-B9F4-A433F1873B40}"
	ProjectSection(ProjectDependencies) = postProject
		{3F999025-B0E2-496D-B9FD-F69C5BA9FD85} = {3F999025-B0E2-496D-B9FD-F69C5BA9FD85}
	EndProjectSection
EndProject
Project("{8BC9CEB8-8B4A-11D0-8D11-00A0C91BC942}") = "una_test_utf8_stream_copy_from", "una_test_utf8_stream_copy_from\una_test_utf8_stream_copy_from.vcproj", "{8457514F-C618-4BE5-B179-A2E7DF6B91CD}"
	ProjectSection(ProjectDependencies) = postProject
		{3F999025-B0E2-496D-B9FD-F69C5BA9FD85} = {3F999025-B0E2-496D-B9FD-F69C5BA9FD85}
	EndProjectSection
EndProject
Project("{8BC9CEB8-8B4A-11D0-8D11-00A0C91BC942}") = "una_test_utf8_string", "una_test_utf8_string\una_test_utf8_string.vcproj", "{A28E6647-5B9F-4CFD-B983-8B621A8515B9}"
	ProjectSection(ProjectDependencies) = postProject
		{3F999025-B0E2-496D-B9FD-F69C5BA9FD85} = {3F999025-B0E2-496D-B9FD-F69C5BA9FD85}
		{BD3A95FA-A3DE-4B79-A889-A7E5ECA4B69C} = {BD3A95FA-A3DE-4B79-A889-A7E5ECA4B69C}
	EndProjectSection
EndProject
Project("{8BC9CEB8-8B4A-11D0-8D11-00A0C91BC942}") = "una_test_unicode_character_copy_from", "una_test_unicode_character_copy_from\una_test_unicode_character_copy_from.vcproj", "{9C5D4661-2B48-4BD1-A27A-4083ED3DFAFF}"
	ProjectSection(ProjectDependencies) = postProject
		{3F999025-B0E2-496D-B9FD-F69C5BA9FD85} = {3F999025-B0E2-496D-B9FD-F69C5BA9FD85}
	EndProjectSection
EndProject
Project("{8BC9CEB8-8B4A-11D0-8D11-00A0C91BC942}") = "una_test_unicode_character_copy_to", "una_test_unicode_character_copy_to\una_test_unicode_character_copy_to.vcproj", "{9EF5ED07-5926-4BEF-BF8E-50E3FD41DDE0}"
	ProjectSection(ProjectDependencies) = postProject
		{3F999025-B0E2-496D-B9FD-F69C5BA9FD85} = {3F999025-B0E2-496D-B9FD-F69C5BA9FD85}
	EndProjectSection
EndProject
Project("{8BC9CEB8-8B4A-11D0-8D11-00A0C91BC942}") = "libclocale", "libclocale\libclocale.vcproj", "{CEDF8919-00B2-4D8A-88CC-84ADB2D2FF89}"
	ProjectSection(ProjectDependencies) = postProject
		{BD3A95FA-A3DE-4B79-A889-A7E5ECA4B69C} = {BD3A95FA-A3DE-4B79-A889-A7E5ECA4B69C}
	EndProjectSection
EndProject
Project("{8BC9CEB8-8B4A-11D0-8D11-00A0C91BC942}") = "libcdatetime", "libcdatetime\libcdatetime.vcproj", "{2DDB33B8-3251-4231-A2C8-4835C57B91F9}"
	ProjectSection(ProjectDependencies) = postProject
		{BD3A95FA-A3DE-4B79-A889-A7E5ECA4B69C} = {BD3A95FA-A3DE-4B79-A889-A7E5ECA4B69C}
	EndProjectSection
EndProject
Project("{8BC9CEB8-8B4A-11D0-8D11-00A0C91BC942}") = "libcfile", "libcfile\libcfile.vcproj", "{4C93BDD3-1804-47F3-9B34-F2DE0CAE1AE0}"
	ProjectSection(ProjectDependencies) = postProject
		{BD3A95FA-A3DE-4B79-A889-A7E5ECA4B69C} = {BD3A95FA-A3DE-4B79-A889-A7E5ECA4B69C}
		{CEDF8919-00B2-4D8A-88CC-84ADB2D2FF89} = {CEDF8919-00B2-4D8A-88CC-84ADB2D2FF89}
		{5304AD69-D449-4589-B2C9-E4607E56A51D} = {5304AD69-D449-4589-B2C9-E4607E56A51D}
	EndProjectSection
EndProject
Project("{8BC9CEB8-8B4A-11D0-8D11-00A0C91BC942}") = "libuna", "libuna\libuna.vcproj", "{3F999025-B0E2-496D-B9FD-F69C5BA9FD85}"
	ProjectSection(ProjectDependencies) = postProject
		{BD3A95FA-A3DE-4B79-A889-A7E5ECA4B69C} = {BD3A95FA-A3DE-4B79-A889-A7E5ECA4B69C}
	EndProjectSection
EndProject
Project("{8BC9CEB8-8B4A-11D0-8D11-00A0C91BC942}") = "libcerror", "libcerror\libcerror.vcproj", "{BD3A95FA-A3DE-4B79-A889-A7E5ECA4B69C}"
EndProject
Project("{8BC9CEB8-8B4A-11D0-8D11-00A0C91BC942}") = "libcnotify", "libcnotify\libcnotify.vcproj", "{5304AD69-D449-4589-B2C9-E4607E56A51D}"
	ProjectSection(ProjectDependencies) = postProject
		{BD3A95FA-A3DE-4B79-A889-A7E5ECA4B69C} = {BD3A95FA-A3DE-4B79-A889-A7E5ECA4B69C}
	EndProjectSection
EndProject
Global
	GlobalSection(SolutionConfigurationPlatforms) = preSolution
		Release|Win32 = Release|Win32
		VSDebug|Win32 = VSDebug|Win32
	EndGlobalSection
	GlobalSection(ProjectConfigurationPlatforms) = postSolution
		{994D0701-0B3C-4A89-8A28-AED8D9BF00B1}.Release|Win32.ActiveCfg = Release|Win32
		{994D0701-0B3C-4A89-8A28-AED8D9BF00B1}.Release|Win32.Build.0 = Release|Win32
		{994D0701-0B3C-4A89-8A28-AED8D9BF00B1}.VSDebug|Win32.ActiveCfg = VSDebug|Win32
		{994D0701-0B3C-4A89-8A28-AED8D9BF00B1}.VSDebug|Win32.Build.0 = VSDebug|Win32
		{6B758D1D-FE05-49C6-836B-9B8AC8DC4FCD}.Release|Win32.ActiveCfg = Release|Win32
		{6B758D1D-FE05-49C6-836B-9B8AC8DC4FCD}.Release|Win32.Build.0 = Release|Win32
		{6B758D1D-FE05-49C6-836B-9B8AC8DC4FCD}.VSDebug|Win32.ActiveCfg = VSDebug|Win32
		{6B758D1D-FE05-49C6-836B-9B8AC8DC4FCD}.VSDebug|Win32.Build.0 = VSDebug|Win32
		{2CF1F944-FAC8-442D-BF6D-A4680371D9B2}.Release|Win32.ActiveCfg = Release|Win32
		{2CF1F944-FAC8-442D-BF6D-A4680371D9B2}.Release|Win32.Build.0 = Release|Win32
		{2CF1F944-FAC8-442D-BF6D-A4680371D9B2}.VSDebug|Win32.ActiveCfg = VSDebug|Win32
		{2CF1F944-FAC8-442D-BF6D-A4680371D9B2}.VSDebug|Win32.Build.0 = VSDebug|Win32
		{EFB6DB54-747F-4C81-AE82-224971313379}.Release|Win32.ActiveCfg = Release|Win32
		{EFB6DB54-747F-4C81-AE82-224971313379}.Release|Win32.Build.0 = Release|Win32
		{EFB6DB54-747F-4C81-AE82-224971313379}.VSDebug|Win32.ActiveCfg = VSDebug|Win32
		{EFB6DB54-747F-4C81-AE82-224971313379}.VSDebug|Win32.Build.0 = VSDebug|Win32
		{6A4D857A-56F0-430B-BA50-6B9860C7ABAC}.Release|Win32.ActiveCfg = Release|Win32
		{6A4D857A-56F0-430B-BA50-6B9860C7ABAC}.Release|Win32.Build.0 = Release|Win32
		{6A4D857A-56F0-430B-BA50-6B9860C7ABAC}.VSDebug|Win32.ActiveCfg = VSDebug|Win32
		{6A4D857A-56F0-430B-BA50-6B9860C7ABAC}.VSDebug|Win32.Build.0 = VSDebug|Win32
		{1F54D728-CE3E-41D9-8E02-72DA3A58C67C}.Release|Win32.ActiveCfg = Release|Win32
		{1F54D728-CE3E-41D9-8E02-72DA3A58C67C}.Release|Win32.Build.0 = Release|Win32
		{1F54D728-CE3E-41D9-8E02-72DA3A58C67C}.VSDebug|Win32.ActiveCfg = VSDebug|Win32
		{1F54D728-CE3E-41D9-8E02-72DA3A58C67C}.VSDebug|Win32.Build.0 = VSDebug|Win32
		{7B00A6F1-3CFF-45BD-A869-77D59A0E6EC7}.Release|Win32.ActiveCfg = Release|Win32
		{7B00A6F1-3CFF-45BD-A869-77D59A0E6EC7}.Release|Win32.Build.0 = Release|Win32
		{7B00A6F1-3CFF-45BD-A869-77D59A0E6EC7}.VSDebug|Win32.ActiveCfg = VSDebug|Win32
		{7B00A6F1-3CFF-45BD-A869-77D59A0E6EC7}.VSDebug|Win32.Build.0 = VSDebug|Win32
		{B12AA291-88AE-48B4-B284-8DF524AAB1D6}.Release|Win32.ActiveCfg = Release|Win32
		{B12AA291-88AE-48B4-B284-8DF524AAB1D6}.Release|Win32.Build.0 = Release|Win32
		{B12AA291-88AE-48B4-B284-8DF524AAB1D6}.VSDebug|Win32.ActiveCfg = VSDebug|Win32
		{B12AA291-88AE-48B4-B284-8DF524AAB1D6}.VSDebug|Win32.Build.0 = VSDebug|Win32
		{6FD5C336-3702-4A97-8E98-BBA4F528EAD1}.Release|Win32.ActiveCfg = Release|Win32
		{6FD5C336-3702-4A97-8E98-BBA4F528EAD1}.Release|Win32.Build.0 = Release|Win32
		{6FD5C336-3702-4A97-8E98-BBA4F528EAD1}.VSDebug|Win32.ActiveCfg = VSDebug|Win32
		{6FD5C336-3702-4A97-8E98-BBA4F528EAD1}.VSDebug|Win32.Build.0 = VSDebug|Win32
		{BF258669-F701-4AA6-8E0D-0811F2AB92A9}.Release|Win32.ActiveCfg = Release|Win32
		{BF258669-F701-4AA6-8E0D-0811F2AB92A9}.Release|Win32.Build.0 = Release|Win32
		{BF258669-F701-4AA6-8E0D-0811F2AB92A9}.VSDebug|Win32.ActiveCfg = VSDebug|Win32
		{BF258669-F701-4AA6-8E0D-0811F2AB92A9}.VSDebug|Win32.Build.0 = VSDebug|Win32
		{743971E9-C71B-4F7A-8A63-E807F1DF0248}.Release|Win32.ActiveCfg = Release|Win32
		{743971E9-C71B-4F7A-8A63-E807F1DF0248}.Release|Win32.Build.0 = Release|Win32
		{743971E9-C71B-4F7A-8A63-E807F1DF0248}.VSDebug|Win32.ActiveCfg = VSDebug|Win32
		{743971E9-C71B-4F7A-8A63-E807F1DF0248}.VSDebug|Win32.Build.0 = VSDebug|Win32
		{3D14A8B7-5C2F-4163-B53B-78E216E254CF}.Release|Win32.ActiveCfg = Release|Win32
		{3D14A8B7-5C2F-4163-B53B-78E216E254CF}.Release|Win32.Build.0 = Release|Win32
		{3D14A8B7-5C2F-4163-B53B-78E216E254CF}.VSDebug|Win32.ActiveCfg = VSDebug|Win32
		{3D14A8B7-5C2F-4163-B53B-78E216E254CF}.VSDebug|Win32.Build.0 = VSDebug|Win32
		{C41B42B6-E427-4DBB-B9F4-A433F1873B40}.Release|Win32.ActiveCfg = Release|Win32
		{C41B42B6-E427-4DBB-B9F4-A433F1873B40}.Release|Win32.Build.0 = Release|Win32
		{C41B42B6-E427-4DBB-B9F4-A433F1873B40}.VSDebug|Win32.ActiveCfg = VSDebug|Win32
		{C41B42B6-E427-4DBB-B9F4-A433F1873B40}.VSDebug|Win32.Build.0 = VSDebug|Win32
		{8457514F-C618-4BE5-B179-A2E7DF6B91CD}.Release|Win32.ActiveCfg = Release|Win32
		{8457514F-C618-4BE5-B179-A2E7DF6B91CD}.Release|Win32.Build.0 = Release|Win32
		{8457514F-C618-4BE5-B179-A2E7DF6B91CD}.VSDebug|Win32.ActiveCfg = VSDebug|Win32
		{8457514F-C618-4BE5-B179-A2E7DF6B91CD}.VSDebug|Win32.Build.0 = VSDebug|Win32
		{A28E6647-5B9F-4CFD-B983-8B621A8515B9}.Release|Win32.ActiveCfg = Release|Win32
		{A28E6647-5B9F-4CFD-B983-8B621A8515B9}.Release|Win32.Build.0 = Release|Win32
		{A28E6647-5B9F-4CFD-B983-8B621A8515B9}.VSDebug|Win32.ActiveCfg = VSDebug|Win32
		{A28E6647-5B9F-4CFD-B983-8B621A8515B9}.VSDebug|Win32.Build.0 = VSDebug|Win32
		{9C5D4661-2B48-4BD1-A27A-4083ED3DFAFF}.Release|Win32.ActiveCfg = Release|Win32
		{9C5D4661-2B48-4BD1-A27A-4083ED3DFAFF}.Release|Win32.Build.0 = Release|Win32
		{9C5D4661-2B48-4BD1-A27A-4083ED3DFAFF}.VSDebug|Win32.ActiveCfg = VSDebug|Win32
		{9C5D4661-2B48-4BD1-A27A-4083ED3DFAFF}.VSDebug|Win32.Build.0 = VSDebug|Win32
		{9EF5ED07-5926-4BEF-BF8E-50E3FD41DDE0}.Release|Win32.ActiveCfg = Release|Win32
		{9EF5ED07-5926-4BEF-BF8E-50E3FD41DDE0}.Release|Win32.Build.0 = Release|Win32
		{9EF5ED07-5926-4BEF-BF8E-50E3FD41DDE0}.VSDebug|Win32.ActiveCfg = VSDebug|Win32
		{9EF5ED07-5926-4BEF-BF8E-50E3FD41DDE0}.VSDebug|Win32.Build.0 = VSDebug|Win32
		{CEDF8919-00B2-4D8A-88CC-84ADB2D2FF89}.Release|Win32.ActiveCfg = Release|Win32
		{CEDF8919-00B2-4D8A-88CC-84ADB2D2FF89}.Release|Win32.Build.0 = Release|Win32
		{CEDF8919-00B2-4D8A-88CC-84ADB2D2FF89}.VSDebug|Win32.ActiveCfg = VSDebug|Win32
		{CEDF8919-00B2-4D8A-88CC-84ADB2D2FF89}.VSDebug|Win32.Build.0 = VSDebug|Win32
		{2DDB33B8-3251-4231-A2C8-4835C57B91F9}.Release|Win32.ActiveCfg = Release|Win32
		{2DDB33B8-3251-4231-A2C8-4835C57B91F9}.Release|Win32.Build.0 = Release|Win32
		{2DDB33B8-3251-4231-A2C8-4835C57B91F9}.VSDebug|Win32.ActiveCfg = VSDebug|Win32
		{2DDB33B8-3251-4231-A2C8-4835C57B91F9}.VSDebug|Win32.Build.0 = VSDebug|Win32
		{4C93BDD3-1804-47F3-9B34-F2DE0CAE1AE0}.Release|Win32.ActiveCfg = Release|Win32
		{4C93BDD3-1804-47F3-9B34-F2DE0CAE1AE0}.Release|Win32.Build.0 = Release|Win32
		{4C93BDD3-1804-47F3-9B34-F2DE0CAE1AE0}.VSDebug|Win32.ActiveCfg = VSDebug|Win32
		{4C93BDD3-1804-47F3-9B34-F2DE0CAE1AE0}.VSDebug|Win32.Build.0 = VSDebug|Win32
		{3F999025-B0E2-496D-B9FD-F69C5BA9FD85}.Release|Win32.ActiveCfg = Release|Win32
		{3F999025-B0E2-496D-B9FD-F69C5BA9FD85}.Release|Win32.Build.0 = Release|Win32
		{3F999025-B0E2-496D-B9FD-F69C5BA9FD85}.VSDebug|Win32.ActiveCfg = VSDebug|Win32
		{3F999025-B0E2-496D-B9FD-F69C5BA9FD85}.VSDebug|Win32.Build.0 = VSDebug|Win32
		{BD3A95FA-A3DE-4B79-A889-A7E5ECA4B69C}.Release|Win32.ActiveCfg = Release|Win32
		{BD3A95FA-A3DE-4B79-A889-A7E5ECA4B69C}.Release|Win32.Build.0 = Release|Win32
		{BD3A95FA-A3DE-4B79-A889-A7E5ECA4B69C}.VSDebug|Win32.ActiveCfg = VSDebug|Win32
		{BD3A95FA-A3DE-4B79-A889-A7E5ECA4B69C}.VSDebug|Win32.Build.0 = VSDebug|Win32
		{5304AD69-D449-4589-B2C9-E4607E56A51D}.Release|Win32.ActiveCfg = Release|Win32
		{5304AD69-D449-4589-B2C9-E4607E56A51D}.Release|Win32.Build.0 = Release|Win32
		{5304AD69-D449-4589-B2C9-E4607E56A51D}.VSDebug|Win32.ActiveCfg = VSDebug|Win32
		{5304AD69-D449-4589-B2C9-E4607E56A51D}.VSDebug|Win32.Build.0 = VSDebug|Win32
	EndGlobalSection
	GlobalSection(SolutionProperties) = preSolution
		HideSolutionNode = FALSE
	EndGlobalSection
EndGlobal
