
Microsoft Visual Studio Solution File, Format Version 10.00
# Visual C++ Express 2008
Project("{8BC9CEB8-8B4A-11D0-8D11-00A0C91BC942}") = "unabase", "unabase\unabase.vcproj", "{994D0701-0B3C-4A89-8A28-AED8D9BF00B1}"
	ProjectSection(ProjectDependencies) = postProject
		{4C93BDD3-1804-47F3-9B34-F2DE0CAE1AE0} = {4C93BDD3-1804-47F3-9B34-F2DE0CAE1AE0}
		{5304AD69-D449-4589-B2C9-E4607E56A51D} = {5304AD69-D449-4589-B2C9-E4607E56A51D}
		{CEDF8919-00B2-4D8A-88CC-84ADB2D2FF89} = {CEDF8919-00B2-4D8A-88CC-84ADB2D2FF89}
		{2DDB33B8-3251-4231-A2C8-4835C57B91F9} = {2DDB33B8-3251-4231-A2C8-4835C57B91F9}
		{3F999025-B0E2-496D-B9FD-F69C5BA9FD85} = {3F999025-B0E2-496D-B9FD-F69C5BA9FD85}
		{BD3A95FA-A3DE-4B79-A889-A7E5ECA4B69C} = {BD3A95FA-A3DE-4B79-A889-A7E5ECA4B69C}
	EndProjectSection
EndProject
Project("{8BC9CEB8-8B4A-11D0-8D11-00A0C91BC942}") = "unaexport", "unaexport\unaexport.vcproj", "{6B758D1D-FE05-49C6-836B-9B8AC8DC4FCD}"
	ProjectSection(ProjectDependencies) = postProject
		{4C93BDD3-1804-47F3-9B34-F2DE0CAE1AE0} = {4C93BDD3-1804-47F3-9B34-F2DE0CAE1AE0}
		{5304AD69-D449-4589-B2C9-E4607E56A51D} = {5304AD69-D449-4589-B2C9-E4607E56A51D}
		{CEDF8919-00B2-4D8A-88CC-84ADB2D2FF89} = {CEDF8919-00B2-4D8A-88CC-84ADB2D2FF89}
		{2DDB33B8-3251-4231-A2C8-4835C57B91F9} = {2DDB33B8-3251-4231-A2C8-4835C57B91F9}
		{3F999025-B0E2-496D-B9FD-F69C5BA9FD85} = {3F999025-B0E2-496D-B9FD-F69C5BA9FD85}
		{BD3A95FA-A3DE-4B79-A889-A7E5ECA4B69C} = {BD3A95FA-A3DE-4B79-A889-A7E5ECA4B69C}
	EndProjectSection
EndProject
Project("{8BC9CEB8-8B4A-11D0-8D11-00A0C91BC942}") = "una_test_base16_stream", "una_test_base16_stream\una_test_base16_stream.vcproj", "{2CF1F944-FAC8-442D-BF6D-A4680371D9B2}"
	ProjectSection(ProjectDependencies) = postProject
		{3F999025-B0E2-496D-B9FD-F69C5BA9FD85} = {3F999025-B0E2-496D-B9FD-F69C5BA9FD85}
		{BD3A95FA-A3DE-4B79-A889-A7E5ECA4B69C} = {BD3A95FA-A3DE-4B79-A889-A7E5ECA4B69C}
	EndProjectSection
EndProject
Project("{8BC9CEB8-8B4A-11D0-8D11-00A0C91BC942}") = "una_test_base32_stream", "una_test_base32_stream\una_test_base32_stream.vcproj", "{EFB6DB54-747F-4C81-AE82-224971313379}"
	ProjectSection(ProjectDependencies) = postProject
		{3F999025-B0E2-496D-B9FD-F69C5BA9FD85} = {3F999025-B0E2-496D-B9FD-F69C5BA9FD85}
		{BD3A95FA-A3DE-4B79-A889-A7E5ECA4B69C} = {BD3A95FA-A3DE-4B79-A889-A7E5ECA4B69C}
	EndProjectSection
EndProject
Project("{8BC9CEB8-8B4A-11D0-8D11-00A0C91BC942}") = "una_test_base64_stream", "una_test_base64_stream\una_test_base64_stream.vcproj", "{10FB17BE-D13D-4E63-B44D-8F31A02F1009}"
	ProjectSection(ProjectDependencies) = postProject
		{3F999025-B0E2-496D-B9FD-F69C5BA9FD85} = {3F999025-B0E2-496D-B9FD-F69C5BA9FD85}
		{BD3A95FA-A3DE-4B79-A889-A7E5ECA4B69C} = {BD3A95FA-A3DE-4B79-A889-A7E5ECA4B69C}
	EndProjectSection
EndProject
Project("{8BC9CEB8-8B4A-11D0-8D11-00A0C91BC942}") = "una_test_byte_stream", "una_test_byte_stream\una_test_byte_stream.vcproj", "{6BDAFF50-CA5B-4190-A910-FF4FAEA10964}"
	ProjectSection(ProjectDependencies) = postProject
		{3F999025-B0E2-496D-B9FD-F69C5BA9FD85} = {3F999025-B0E2-496D-B9FD-F69C5BA9FD85}
		{BD3A95FA-A3DE-4B79-A889-A7E5ECA4B69C} = {BD3A95FA-A3DE-4B79-A889-A7E5ECA4B69C}
	EndProjectSection
EndProject
Project("{8BC9CEB8-8B4A-11D0-8D11-00A0C91BC942}") = "una_test_codepage_mac_roman", "una_test_codepage_mac_roman\una_test_codepage_mac_roman.vcproj", "{C5391B09-0521-4C71-961C-DB02B49DE009}"
	ProjectSection(ProjectDependencies) = postProject
		{3F999025-B0E2-496D-B9FD-F69C5BA9FD85} = {3F999025-B0E2-496D-B9FD-F69C5BA9FD85}
		{BD3A95FA-A3DE-4B79-A889-A7E5ECA4B69C} = {BD3A95FA-A3DE-4B79-A889-A7E5ECA4B69C}
	EndProjectSection
EndProject
Project("{8BC9CEB8-8B4A-11D0-8D11-00A0C91BC942}") = "una_test_codepage_windows_932", "una_test_codepage_windows_932\una_test_codepage_windows_932.vcproj", "{DC0BFD46-4848-46EC-B8B0-93A933AA8D09}"
	ProjectSection(ProjectDependencies) = postProject
		{3F999025-B0E2-496D-B9FD-F69C5BA9FD85} = {3F999025-B0E2-496D-B9FD-F69C5BA9FD85}
		{BD3A95FA-A3DE-4B79-A889-A7E5ECA4B69C} = {BD3A95FA-A3DE-4B79-A889-A7E5ECA4B69C}
	EndProjectSection
EndProject
Project("{8BC9CEB8-8B4A-11D0-8D11-00A0C91BC942}") = "una_test_codepage_windows_936", "una_test_codepage_windows_936\una_test_codepage_windows_936.vcproj", "{3F41B874-8D63-4026-8C39-729AA31CE2E3}"
	ProjectSection(ProjectDependencies) = postProject
		{3F999025-B0E2-496D-B9FD-F69C5BA9FD85} = {3F999025-B0E2-496D-B9FD-F69C5BA9FD85}
		{BD3A95FA-A3DE-4B79-A889-A7E5ECA4B69C} = {BD3A95FA-A3DE-4B79-A889-A7E5ECA4B69C}
	EndProjectSection
EndProject
Project("{8BC9CEB8-8B4A-11D0-8D11-00A0C91BC942}") = "una_test_codepage_windows_949", "una_test_codepage_windows_949\una_test_codepage_windows_949.vcproj", "{FFADB50F-0F36-4A80-86A4-D8A68AA33857}"
	ProjectSection(ProjectDependencies) = postProject
		{3F999025-B0E2-496D-B9FD-F69C5BA9FD85} = {3F999025-B0E2-496D-B9FD-F69C5BA9FD85}
		{BD3A95FA-A3DE-4B79-A889-A7E5ECA4B69C} = {BD3A95FA-A3DE-4B79-A889-A7E5ECA4B69C}
	EndProjectSection
EndProject
Project("{8BC9CEB8-8B4A-11D0-8D11-00A0C91BC942}") = "una_test_codepage_windows_950", "una_test_codepage_windows_950\una_test_codepage_windows_950.vcproj", "{568C54E9-3C45-46D3-AA68-697387168C71}"
	ProjectSection(ProjectDependencies) = postProject
		{3F999025-B0E2-496D-B9FD-F69C5BA9FD85} = {3F999025-B0E2-496D-B9FD-F69C5BA9FD85}
		{BD3A95FA-A3DE-4B79-A889-A7E5ECA4B69C} = {BD3A95FA-A3DE-4B79-A889-A7E5ECA4B69C}
	EndProjectSection
EndProject
Project("{8BC9CEB8-8B4A-11D0-8D11-00A0C91BC942}") = "una_test_codepage_windows_1250", "una_test_codepage_windows_1250\una_test_codepage_windows_1250.vcproj", "{E5323829-8DFE-45DB-B3C8-0BEA394DC5A8}"
	ProjectSection(ProjectDependencies) = postProject
		{3F999025-B0E2-496D-B9FD-F69C5BA9FD85} = {3F999025-B0E2-496D-B9FD-F69C5BA9FD85}
		{BD3A95FA-A3DE-4B79-A889-A7E5ECA4B69C} = {BD3A95FA-A3DE-4B79-A889-A7E5ECA4B69C}
	EndProjectSection
EndProject
Project("{8BC9CEB8-8B4A-11D0-8D11-00A0C91BC942}") = "una_test_error", "una_test_error\una_test_error.vcproj", "{7B00A6F1-3CFF-45BD-A869-77D59A0E6EC7}"
	ProjectSection(ProjectDependencies) = postProject
		{3F999025-B0E2-496D-B9FD-F69C5BA9FD85} = {3F999025-B0E2-496D-B9FD-F69C5BA9FD85}
	EndProjectSection
EndProject
Project("{8BC9CEB8-8B4A-11D0-8D11-00A0C91BC942}") = "una_test_support", "una_test_support\una_test_support.vcproj", "{B12AA291-88AE-48B4-B284-8DF524AAB1D6}"
	ProjectSection(ProjectDependencies) = postProject
		{3F999025-B0E2-496D-B9FD-F69C5BA9FD85} = {3F999025-B0E2-496D-B9FD-F69C5BA9FD85}
	EndProjectSection
EndProject
Project("{8BC9CEB8-8B4A-11D0-8D11-00A0C91BC942}") = "una_test_unicode_character", "una_test_unicode_character\una_test_unicode_character.vcproj", "{9EE5D0A9-1575-43EC-BA49-BF2B393F9764}"
	ProjectSection(ProjectDependencies) = postProject
		{3F999025-B0E2-496D-B9FD-F69C5BA9FD85} = {3F999025-B0E2-496D-B9FD-F69C5BA9FD85}
		{BD3A95FA-A3DE-4B79-A889-A7E5ECA4B69C} = {BD3A95FA-A3DE-4B79-A889-A7E5ECA4B69C}
	EndProjectSection
EndProject
Project("{8BC9CEB8-8B4A-11D0-8D11-00A0C91BC942}") = "una_test_url_stream", "una_test_url_stream\una_test_url_stream.vcproj", "{B6F5CCBC-8BAB-4915-AE9E-0453A0E68D7A}"
	ProjectSection(ProjectDependencies) = postProject
		{3F999025-B0E2-496D-B9FD-F69C5BA9FD85} = {3F999025-B0E2-496D-B9FD-F69C5BA9FD85}
		{BD3A95FA-A3DE-4B79-A889-A7E5ECA4B69C} = {BD3A95FA-A3DE-4B79-A889-A7E5ECA4B69C}
	EndProjectSection
EndProject
Project("{8BC9CEB8-8B4A-11D0-8D11-00A0C91BC942}") = "una_test_utf16_stream", "una_test_utf16_stream\una_test_utf16_stream.vcproj", "{1EDF4DC8-DF03-414F-B581-11E67197F7F5}"
	ProjectSection(ProjectDependencies) = postProject
		{3F999025-B0E2-496D-B9FD-F69C5BA9FD85} = {3F999025-B0E2-496D-B9FD-F69C5BA9FD85}
		{BD3A95FA-A3DE-4B79-A889-A7E5ECA4B69C} = {BD3A95FA-A3DE-4B79-A889-A7E5ECA4B69C}
	EndProjectSection
EndProject
Project("{8BC9CEB8-8B4A-11D0-8D11-00A0C91BC942}") = "una_test_utf16_string", "una_test_utf16_string\una_test_utf16_string.vcproj", "{C56FE7F3-F0FA-462C-B433-31684CC58AB0}"
	ProjectSection(ProjectDependencies) = postProject
		{3F999025-B0E2-496D-B9FD-F69C5BA9FD85} = {3F999025-B0E2-496D-B9FD-F69C5BA9FD85}
		{BD3A95FA-A3DE-4B79-A889-A7E5ECA4B69C} = {BD3A95FA-A3DE-4B79-A889-A7E5ECA4B69C}
	EndProjectSection
EndProject
Project("{8BC9CEB8-8B4A-11D0-8D11-00A0C91BC942}") = "una_test_utf32_stream", "una_test_utf32_stream\una_test_utf32_stream.vcproj", "{800934D7-8C73-4057-BAB9-72D4CE51FA72}"
	ProjectSection(ProjectDependencies) = postProject
		{3F999025-B0E2-496D-B9FD-F69C5BA9FD85} = {3F999025-B0E2-496D-B9FD-F69C5BA9FD85}
		{BD3A95FA-A3DE-4B79-A889-A7E5ECA4B69C} = {BD3A95FA-A3DE-4B79-A889-A7E5ECA4B69C}
	EndProjectSection
EndProject
Project("{8BC9CEB8-8B4A-11D0-8D11-00A0C91BC942}") = "una_test_utf32_string", "una_test_utf32_string\una_test_utf32_string.vcproj", "{08C22716-30F4-428B-94B5-05EE1946CD5E}"
	ProjectSection(ProjectDependencies) = postProject
		{3F999025-B0E2-496D-B9FD-F69C5BA9FD85} = {3F999025-B0E2-496D-B9FD-F69C5BA9FD85}
		{BD3A95FA-A3DE-4B79-A889-A7E5ECA4B69C} = {BD3A95FA-A3DE-4B79-A889-A7E5ECA4B69C}
	EndProjectSection
EndProject
Project("{8BC9CEB8-8B4A-11D0-8D11-00A0C91BC942}") = "una_test_utf7_stream", "una_test_utf7_stream\una_test_utf7_stream.vcproj", "{5325393C-7C95-4E24-AAA7-8C23708392B4}"
	ProjectSection(ProjectDependencies) = postProject
		{3F999025-B0E2-496D-B9FD-F69C5BA9FD85} = {3F999025-B0E2-496D-B9FD-F69C5BA9FD85}
		{BD3A95FA-A3DE-4B79-A889-A7E5ECA4B69C} = {BD3A95FA-A3DE-4B79-A889-A7E5ECA4B69C}
	EndProjectSection
EndProject
Project("{8BC9CEB8-8B4A-11D0-8D11-00A0C91BC942}") = "una_test_utf8_stream", "una_test_utf8_stream\una_test_utf8_stream.vcproj", "{7DAF3AA9-0DD2-4637-A1E8-743AE751BECF}"
	ProjectSection(ProjectDependencies) = postProject
		{3F999025-B0E2-496D-B9FD-F69C5BA9FD85} = {3F999025-B0E2-496D-B9FD-F69C5BA9FD85}
		{BD3A95FA-A3DE-4B79-A889-A7E5ECA4B69C} = {BD3A95FA-A3DE-4B79-A889-A7E5ECA4B69C}
	EndProjectSection
EndProject
Project("{8BC9CEB8-8B4A-11D0-8D11-00A0C91BC942}") = "una_test_utf8_string", "una_test_utf8_string\una_test_utf8_string.vcproj", "{A28E6647-5B9F-4CFD-B983-8B621A8515B9}"
	ProjectSection(ProjectDependencies) = postProject
		{3F999025-B0E2-496D-B9FD-F69C5BA9FD85} = {3F999025-B0E2-496D-B9FD-F69C5BA9FD85}
		{BD3A95FA-A3DE-4B79-A889-A7E5ECA4B69C} = {BD3A95FA-A3DE-4B79-A889-A7E5ECA4B69C}
	EndProjectSection
EndProject
Project("{8BC9CEB8-8B4A-11D0-8D11-00A0C91BC942}") = "libclocale", "libclocale\libclocale.vcproj", "{CEDF8919-00B2-4D8A-88CC-84ADB2D2FF89}"
	ProjectSection(ProjectDependencies) = postProject
		{BD3A95FA-A3DE-4B79-A889-A7E5ECA4B69C} = {BD3A95FA-A3DE-4B79-A889-A7E5ECA4B69C}
	EndProjectSection
EndProject
Project("{8BC9CEB8-8B4A-11D0-8D11-00A0C91BC942}") = "libcdatetime", "libcdatetime\libcdatetime.vcproj", "{2DDB33B8-3251-4231-A2C8-4835C57B91F9}"
	ProjectSection(ProjectDependencies) = postProject
		{BD3A95FA-A3DE-4B79-A889-A7E5ECA4B69C} = {BD3A95FA-A3DE-4B79-A889-A7E5ECA4B69C}
	EndProjectSection
EndProject
Project("{8BC9CEB8-8B4A-11D0-8D11-00A0C91BC942}") = "libcfile", "libcfile\libcfile.vcproj", "{4C93BDD3-1804-47F3-9B34-F2DE0CAE1AE0}"
	ProjectSection(ProjectDependencies) = postProject
		{BD3A95FA-A3DE-4B79-A889-A7E5ECA4B69C} = {BD3A95FA-A3DE-4B79-A889-A7E5ECA4B69C}
		{CEDF8919-00B2-4D8A-88CC-84ADB2D2FF89} = {CEDF8919-00B2-4D8A-88CC-84ADB2D2FF89}
		{5304AD69-D449-4589-B2C9-E4607E56A51D} = {5304AD69-D449-4589-B2C9-E4607E56A51D}
	EndProjectSection
EndProject
Project("{8BC9CEB8-8B4A-11D0-8D11-00A0C91BC942}") = "libuna", "libuna\libuna.vcproj", "{3F999025-B0E2-496D-B9FD-F69C5BA9FD85}"
	ProjectSection(ProjectDependencies) = postProject
		{BD3A95FA-A3DE-4B79-A889-A7E5ECA4B69C} = {BD3A95FA-A3DE-4B79-A889-A7E5ECA4B69C}
	EndProjectSection
EndProject
Project("{8BC9CEB8-8B4A-11D0-8D11-00A0C91BC942}") = "libcerror", "libcerror\libcerror.vcproj", "{BD3A95FA-A3DE-4B79-A889-A7E5ECA4B69C}"
EndProject
Project("{8BC9CEB8-8B4A-11D0-8D11-00A0C91BC942}") = "libcnotify", "libcnotify\libcnotify.vcproj", "{5304AD69-D449-4589-B2C9-E4607E56A51D}"
	ProjectSection(ProjectDependencies) = postProject
		{BD3A95FA-A3DE-4B79-A889-A7E5ECA4B69C} = {BD3A95FA-A3DE-4B79-A889-A7E5ECA4B69C}
	EndProjectSection
EndProject
Global
	GlobalSection(SolutionConfigurationPlatforms) = preSolution
		Release|Win32 = Release|Win32
		VSDebug|Win32 = VSDebug|Win32
	EndGlobalSection
	GlobalSection(ProjectConfigurationPlatforms) = postSolution
		{994D0701-0B3C-4A89-8A28-AED8D9BF00B1}.Release|Win32.ActiveCfg = Release|Win32
		{994D0701-0B3C-4A89-8A28-AED8D9BF00B1}.Release|Win32.Build.0 = Release|Win32
		{994D0701-0B3C-4A89-8A28-AED8D9BF00B1}.VSDebug|Win32.ActiveCfg = VSDebug|Win32
		{994D0701-0B3C-4A89-8A28-AED8D9BF00B1}.VSDebug|Win32.Build.0 = VSDebug|Win32
		{6B758D1D-FE05-49C6-836B-9B8AC8DC4FCD}.Release|Win32.ActiveCfg = Release|Win32
		{6B758D1D-FE05-49C6-836B-9B8AC8DC4FCD}.Release|Win32.Build.0 = Release|Win32
		{6B758D1D-FE05-49C6-836B-9B8AC8DC4FCD}.VSDebug|Win32.ActiveCfg = VSDebug|Win32
		{6B758D1D-FE05-49C6-836B-9B8AC8DC4FCD}.VSDebug|Win32.Build.0 = VSDebug|Win32
		{2CF1F944-FAC8-442D-BF6D-A4680371D9B2}.Release|Win32.ActiveCfg = Release|Win32
		{2CF1F944-FAC8-442D-BF6D-A4680371D9B2}.Release|Win32.Build.0 = Release|Win32
		{2CF1F944-FAC8-442D-BF6D-A4680371D9B2}.VSDebug|Win32.ActiveCfg = VSDebug|Win32
		{2CF1F944-FAC8-442D-BF6D-A4680371D9B2}.VSDebug|Win32.Build.0 = VSDebug|Win32
		{EFB6DB54-747F-4C81-AE82-224971313379}.Release|Win32.ActiveCfg = Release|Win32
		{EFB6DB54-747F-4C81-AE82-224971313379}.Release|Win32.Build.0 = Release|Win32
		{EFB6DB54-747F-4C81-AE82-224971313379}.VSDebug|Win32.ActiveCfg = VSDebug|Win32
		{EFB6DB54-747F-4C81-AE82-224971313379}.VSDebug|Win32.Build.0 = VSDebug|Win32
		{10FB17BE-D13D-4E63-B44D-8F31A02F1009}.Release|Win32.ActiveCfg = Release|Win32
		{10FB17BE-D13D-4E63-B44D-8F31A02F1009}.Release|Win32.Build.0 = Release|Win32
		{10FB17BE-D13D-4E63-B44D-8F31A02F1009}.VSDebug|Win32.ActiveCfg = VSDebug|Win32
		{10FB17BE-D13D-4E63-B44D-8F31A02F1009}.VSDebug|Win32.Build.0 = VSDebug|Win32
		{6BDAFF50-CA5B-4190-A910-FF4FAEA10964}.Release|Win32.ActiveCfg = Release|Win32
		{6BDAFF50-CA5B-4190-A910-FF4FAEA10964}.Release|Win32.Build.0 = Release|Win32
		{6BDAFF50-CA5B-4190-A910-FF4FAEA10964}.VSDebug|Win32.ActiveCfg = VSDebug|Win32
		{6BDAFF50-CA5B-4190-A910-FF4FAEA10964}.VSDebug|Win32.Build.0 = VSDebug|Win32
		{C5391B09-0521-4C71-961C-DB02B49DE009}.Release|Win32.ActiveCfg = Release|Win32
		{C5391B09-0521-4C71-961C-DB02B49DE009}.Release|Win32.Build.0 = Release|Win32
		{C5391B09-0521-4C71-961C-DB02B49DE009}.VSDebug|Win32.ActiveCfg = VSDebug|Win32
		{C5391B09-0521-4C71-961C-DB02B49DE009}.VSDebug|Win32.Build.0 = VSDebug|Win32
		{DC0BFD46-4848-46EC-B8B0-93A933AA8D09}.Release|Win32.ActiveCfg = Release|Win32
		{DC0BFD46-4848-46EC-B8B0-93A933AA8D09}.Release|Win32.Build.0 = Release|Win32
		{DC0BFD46-4848-46EC-B8B0-93A933AA8D09}.VSDebug|Win32.ActiveCfg = VSDebug|Win32
		{DC0BFD46-4848-46EC-B8B0-93A933AA8D09}.VSDebug|Win32.Build.0 = VSDebug|Win32
		{3F41B874-8D63-4026-8C39-729AA31CE2E3}.Release|Win32.ActiveCfg = Release|Win32
		{3F41B874-8D63-4026-8C39-729AA31CE2E3}.Release|Win32.Build.0 = Release|Win32
		{3F41B874-8D63-4026-8C39-729AA31CE2E3}.VSDebug|Win32.ActiveCfg = VSDebug|Win32
		{3F41B874-8D63-4026-8C39-729AA31CE2E3}.VSDebug|Win32.Build.0 = VSDebug|Win32
		{FFADB50F-0F36-4A80-86A4-D8A68AA33857}.Release|Win32.ActiveCfg = Release|Win32
		{FFADB50F-0F36-4A80-86A4-D8A68AA33857}.Release|Win32.Build.0 = Release|Win32
		{FFADB50F-0F36-4A80-86A4-D8A68AA33857}.VSDebug|Win32.ActiveCfg = VSDebug|Win32
		{FFADB50F-0F36-4A80-86A4-D8A68AA33857}.VSDebug|Win32.Build.0 = VSDebug|Win32
		{568C54E9-3C45-46D3-AA68-697387168C71}.Release|Win32.ActiveCfg = Release|Win32
		{568C54E9-3C45-46D3-AA68-697387168C71}.Release|Win32.Build.0 = Release|Win32
		{568C54E9-3C45-46D3-AA68-697387168C71}.VSDebug|Win32.ActiveCfg = VSDebug|Win32
		{568C54E9-3C45-46D3-AA68-697387168C71}.VSDebug|Win32.Build.0 = VSDebug|Win32
		{E5323829-8DFE-45DB-B3C8-0BEA394DC5A8}.Release|Win32.ActiveCfg = Release|Win32
		{E5323829-8DFE-45DB-B3C8-0BEA394DC5A8}.Release|Win32.Build.0 = Release|Win32
		{E5323829-8DFE-45DB-B3C8-0BEA394DC5A8}.VSDebug|Win32.ActiveCfg = VSDebug|Win32
		{E5323829-8DFE-45DB-B3C8-0BEA394DC5A8}.VSDebug|Win32.Build.0 = VSDebug|Win32
		{7B00A6F1-3CFF-45BD-A869-77D59A0E6EC7}.Release|Win32.ActiveCfg = Release|Win32
		{7B00A6F1-3CFF-45BD-A869-77D59A0E6EC7}.Release|Win32.Build.0 = Release|Win32
		{7B00A6F1-3CFF-45BD-A869-77D59A0E6EC7}.VSDebug|Win32.ActiveCfg = VSDebug|Win32
		{7B00A6F1-3CFF-45BD-A869-77D59A0E6EC7}.VSDebug|Win32.Build.0 = VSDebug|Win32
		{B12AA291-88AE-48B4-B284-8DF524AAB1D6}.Release|Win32.ActiveCfg = Release|Win32
		{B12AA291-88AE-48B4-B284-8DF524AAB1D6}.Release|Win32.Build.0 = Release|Win32
		{B12AA291-88AE-48B4-B284-8DF524AAB1D6}.VSDebug|Win32.ActiveCfg = VSDebug|Win32
		{B12AA291-88AE-48B4-B284-8DF524AAB1D6}.VSDebug|Win32.Build.0 = VSDebug|Win32
		{9EE5D0A9-1575-43EC-BA49-BF2B393F9764}.Release|Win32.ActiveCfg = Release|Win32
		{9EE5D0A9-1575-43EC-BA49-BF2B393F9764}.Release|Win32.Build.0 = Release|Win32
		{9EE5D0A9-1575-43EC-BA49-BF2B393F9764}.VSDebug|Win32.ActiveCfg = VSDebug|Win32
		{9EE5D0A9-1575-43EC-BA49-BF2B393F9764}.VSDebug|Win32.Build.0 = VSDebug|Win32
		{B6F5CCBC-8BAB-4915-AE9E-0453A0E68D7A}.Release|Win32.ActiveCfg = Release|Win32
		{B6F5CCBC-8BAB-4915-AE9E-0453A0E68D7A}.Release|Win32.Build.0 = Release|Win32
		{B6F5CCBC-8BAB-4915-AE9E-0453A0E68D7A}.VSDebug|Win32.ActiveCfg = VSDebug|Win32
		{B6F5CCBC-8BAB-4915-AE9E-0453A0E68D7A}.VSDebug|Win32.Build.0 = VSDebug|Win32
		{1EDF4DC8-DF03-414F-B581-11E67197F7F5}.Release|Win32.ActiveCfg = Release|Win32
		{1EDF4DC8-DF03-414F-B581-11E67197F7F5}.Release|Win32.Build.0 = Release|Win32
		{1EDF4DC8-DF03-414F-B581-11E67197F7F5}.VSDebug|Win32.ActiveCfg = VSDebug|Win32
		{1EDF4DC8-DF03-414F-B581-11E67197F7F5}.VSDebug|Win32.Build.0 = VSDebug|Win32
		{C56FE7F3-F0FA-462C-B433-31684CC58AB0}.Release|Win32.ActiveCfg = Release|Win32
		{C56FE7F3-F0FA-462C-B433-31684CC58AB0}.Release|Win32.Build.0 = Release|Win32
		{C56FE7F3-F0FA-462C-B433-31684CC58AB0}.VSDebug|Win32.ActiveCfg = VSDebug|Win32
		{C56FE7F3-F0FA-462C-B433-31684CC58AB0}.VSDebug|Win32.Build.0 = VSDebug|Win32
		{800934D7-8C73-4057-BAB9-72D4CE51FA72}.Release|Win32.ActiveCfg = Release|Win32
		{800934D7-8C73-4057-BAB9-72D4CE51FA72}.Release|Win32.Build.0 = Release|Win32
		{800934D7-8C73-4057-BAB9-72D4CE51FA72}.VSDebug|Win32.ActiveCfg = VSDebug|Win32
		{800934D7-8C73-4057-BAB9-72D4CE51FA72}.VSDebug|Win32.Build.0 = VSDebug|Win32
		{08C22716-30F4-428B-94B5-05EE1946CD5E}.Release|Win32.ActiveCfg = Release|Win32
		{08C22716-30F4-428B-94B5-05EE1946CD5E}.Release|Win32.Build.0 = Release|Win32
		{08C22716-30F4-428B-94B5-05EE1946CD5E}.VSDebug|Win32.ActiveCfg = VSDebug|Win32
		{08C22716-30F4-428B-94B5-05EE1946CD5E}.VSDebug|Win32.Build.0 = VSDebug|Win32
		{5325393C-7C95-4E24-AAA7-8C23708392B4}.Release|Win32.ActiveCfg = Release|Win32
		{5325393C-7C95-4E24-AAA7-8C23708392B4}.Release|Win32.Build.0 = Release|Win32
		{5325393C-7C95-4E24-AAA7-8C23708392B4}.VSDebug|Win32.ActiveCfg = VSDebug|Win32
		{5325393C-7C95-4E24-AAA7-8C23708392B4}.VSDebug|Win32.Build.0 = VSDebug|Win32
		{7DAF3AA9-0DD2-4637-A1E8-743AE751BECF}.Release|Win32.ActiveCfg = Release|Win32
		{7DAF3AA9-0DD2-4637-A1E8-743AE751BECF}.Release|Win32.Build.0 = Release|Win32
		{7DAF3AA9-0DD2-4637-A1E8-743AE751BECF}.VSDebug|Win32.ActiveCfg = VSDebug|Win32
		{7DAF3AA9-0DD2-4637-A1E8-743AE751BECF}.VSDebug|Win32.Build.0 = VSDebug|Win32
		{A28E6647-5B9F-4CFD-B983-8B621A8515B9}.Release|Win32.ActiveCfg = Release|Win32
		{A28E6647-5B9F-4CFD-B983-8B621A8515B9}.Release|Win32.Build.0 = Release|Win32
		{A28E6647-5B9F-4CFD-B983-8B621A8515B9}.VSDebug|Win32.ActiveCfg = VSDebug|Win32
		{A28E6647-5B9F-4CFD-B983-8B621A8515B9}.VSDebug|Win32.Build.0 = VSDebug|Win32
		{CEDF8919-00B2-4D8A-88CC-84ADB2D2FF89}.Release|Win32.ActiveCfg = Release|Win32
		{CEDF8919-00B2-4D8A-88CC-84ADB2D2FF89}.Release|Win32.Build.0 = Release|Win32
		{CEDF8919-00B2-4D8A-88CC-84ADB2D2FF89}.VSDebug|Win32.ActiveCfg = VSDebug|Win32
		{CEDF8919-00B2-4D8A-88CC-84ADB2D2FF89}.VSDebug|Win32.Build.0 = VSDebug|Win32
		{2DDB33B8-3251-4231-A2C8-4835C57B91F9}.Release|Win32.ActiveCfg = Release|Win32
		{2DDB33B8-3251-4231-A2C8-4835C57B91F9}.Release|Win32.Build.0 = Release|Win32
		{2DDB33B8-3251-4231-A2C8-4835C57B91F9}.VSDebug|Win32.ActiveCfg = VSDebug|Win32
		{2DDB33B8-3251-4231-A2C8-4835C57B91F9}.VSDebug|Win32.Build.0 = VSDebug|Win32
		{4C93BDD3-1804-47F3-9B34-F2DE0CAE1AE0}.Release|Win32.ActiveCfg = Release|Win32
		{4C93BDD3-1804-47F3-9B34-F2DE0CAE1AE0}.Release|Win32.Build.0 = Release|Win32
		{4C93BDD3-1804-47F3-9B34-F2DE0CAE1AE0}.VSDebug|Win32.ActiveCfg = VSDebug|Win32
		{4C93BDD3-1804-47F3-9B34-F2DE0CAE1AE0}.VSDebug|Win32.Build.0 = VSDebug|Win32
		{3F999025-B0E2-496D-B9FD-F69C5BA9FD85}.Release|Win32.ActiveCfg = Release|Win32
		{3F999025-B0E2-496D-B9FD-F69C5BA9FD85}.Release|Win32.Build.0 = Release|Win32
		{3F999025-B0E2-496D-B9FD-F69C5BA9FD85}.VSDebug|Win32.ActiveCfg = VSDebug|Win32
		{3F999025-B0E2-496D-B9FD-F69C5BA9FD85}.VSDebug|Win32.Build.0 = VSDebug|Win32
		{BD3A95FA-A3DE-4B79-A889-A7E5ECA4B69C}.Release|Win32.ActiveCfg = Release|Win32
		{BD3A95FA-A3DE-4B79-A889-A7E5ECA4B69C}.Release|Win32.Build.0 = Release|Win32
		{BD3A95FA-A3DE-4B79-A889-A7E5ECA4B69C}.VSDebug|Win32.ActiveCfg = VSDebug|Win32
		{BD3A95FA-A3DE-4B79-A889-A7E5ECA4B69C}.VSDebug|Win32.Build.0 = VSDebug|Win32
		{5304AD69-D449-4589-B2C9-E4607E56A51D}.Release|Win32.ActiveCfg = Release|Win32
		{5304AD69-D449-4589-B2C9-E4607E56A51D}.Release|Win32.Build.0 = Release|Win32
		{5304AD69-D449-4589-B2C9-E4607E56A51D}.VSDebug|Win32.ActiveCfg = VSDebug|Win32
		{5304AD69-D449-4589-B2C9-E4607E56A51D}.VSDebug|Win32.Build.0 = VSDebug|Win32
	EndGlobalSection
	GlobalSection(SolutionProperties) = preSolution
		HideSolutionNode = FALSE
	EndGlobalSection
EndGlobal
